// !$*UTF8*$!
{
	archiveVersion = 1;
	classes = {
	};
	objectVersion = 50;
	objects = {

/* Begin PBXBuildFile section */
		28461DB32420D273001F6812 /* AppDelegate.swift in Sources */ = {isa = PBXBuildFile; fileRef = 28461DB22420D273001F6812 /* AppDelegate.swift */; };
		28461DB52420D273001F6812 /* SceneDelegate.swift in Sources */ = {isa = PBXBuildFile; fileRef = 28461DB42420D273001F6812 /* SceneDelegate.swift */; };
		28461DB72420D273001F6812 /* ViewController.swift in Sources */ = {isa = PBXBuildFile; fileRef = 28461DB62420D273001F6812 /* ViewController.swift */; };
		28461DBA2420D273001F6812 /* Main.storyboard in Resources */ = {isa = PBXBuildFile; fileRef = 28461DB82420D273001F6812 /* Main.storyboard */; };
		28461DBC2420D273001F6812 /* Assets.xcassets in Resources */ = {isa = PBXBuildFile; fileRef = 28461DBB2420D273001F6812 /* Assets.xcassets */; };
		28461DBF2420D273001F6812 /* LaunchScreen.storyboard in Resources */ = {isa = PBXBuildFile; fileRef = 28461DBD2420D273001F6812 /* LaunchScreen.storyboard */; };
		28461DC82420D670001F6812 /* MyTableViewCell.swift in Sources */ = {isa = PBXBuildFile; fileRef = 28461DC62420D670001F6812 /* MyTableViewCell.swift */; };
		28461DC92420D670001F6812 /* MyTableViewCell.xib in Resources */ = {isa = PBXBuildFile; fileRef = 28461DC72420D670001F6812 /* MyTableViewCell.xib */; };
		28461DD02420F1A6001F6812 /* YourTableViewCell.swift in Sources */ = {isa = PBXBuildFile; fileRef = 28461DCE2420F1A6001F6812 /* YourTableViewCell.swift */; };
		28461DD12420F1A6001F6812 /* YourTableViewCell.xib in Resources */ = {isa = PBXBuildFile; fileRef = 28461DCF2420F1A6001F6812 /* YourTableViewCell.xib */; };
/* End PBXBuildFile section */

/* Begin PBXFileReference section */
		28461DAF2420D272001F6812 /* kakaotalkview.app */ = {isa = PBXFileReference; explicitFileType = wrapper.application; includeInIndex = 0; path = kakaotalkview.app; sourceTree = BUILT_PRODUCTS_DIR; };
		28461DB22420D273001F6812 /* AppDelegate.swift */ = {isa = PBXFileReference; lastKnownFileType = sourcecode.swift; path = AppDelegate.swift; sourceTree = "<group>"; };
		28461DB42420D273001F6812 /* SceneDelegate.swift */ = {isa = PBXFileReference; lastKnownFileType = sourcecode.swift; path = SceneDelegate.swift; sourceTree = "<group>"; };
		28461DB62420D273001F6812 /* ViewController.swift */ = {isa = PBXFileReference; lastKnownFileType = sourcecode.swift; path = ViewController.swift; sourceTree = "<group>"; };
		28461DB92420D273001F6812 /* Base */ = {isa = PBXFileReference; lastKnownFileType = file.storyboard; name = Base; path = Base.lproj/Main.storyboard; sourceTree = "<group>"; };
		28461DBB2420D273001F6812 /* Assets.xcassets */ = {isa = PBXFileReference; lastKnownFileType = folder.assetcatalog; path = Assets.xcassets; sourceTree = "<group>"; };
		28461DBE2420D273001F6812 /* Base */ = {isa = PBXFileReference; lastKnownFileType = file.storyboard; name = Base; path = Base.lproj/LaunchScreen.storyboard; sourceTree = "<group>"; };
		28461DC02420D273001F6812 /* Info.plist */ = {isa = PBXFileReference; lastKnownFileType = text.plist.xml; path = Info.plist; sourceTree = "<group>"; };
		28461DC62420D670001F6812 /* MyTableViewCell.swift */ = {isa = PBXFileReference; lastKnownFileType = sourcecode.swift; path = MyTableViewCell.swift; sourceTree = "<group>"; };
		28461DC72420D670001F6812 /* MyTableViewCell.xib */ = {isa = PBXFileReference; lastKnownFileType = file.xib; path = MyTableViewCell.xib; sourceTree = "<group>"; };
		28461DCE2420F1A6001F6812 /* YourTableViewCell.swift */ = {isa = PBXFileReference; lastKnownFileType = sourcecode.swift; path = YourTableViewCell.swift; sourceTree = "<group>"; };
		28461DCF2420F1A6001F6812 /* YourTableViewCell.xib */ = {isa = PBXFileReference; lastKnownFileType = file.xib; path = YourTableViewCell.xib; sourceTree = "<group>"; };
/* End PBXFileReference section */

/* Begin PBXFrameworksBuildPhase section */
		28461DAC2420D272001F6812 /* Frameworks */ = {
			isa = PBXFrameworksBuildPhase;
			buildActionMask = 2147483647;
			files = (
			);
			runOnlyForDeploymentPostprocessing = 0;
		};
/* End PBXFrameworksBuildPhase section */

/* Begin PBXGroup section */
		28461DA62420D272001F6812 = {
			isa = PBXGroup;
			children = (
				28461DB12420D272001F6812 /* kakaotalkview */,
				28461DB02420D272001F6812 /* Products */,
			);
			sourceTree = "<group>";
		};
		28461DB02420D272001F6812 /* Products */ = {
			isa = PBXGroup;
			children = (
				28461DAF2420D272001F6812 /* kakaotalkview.app */,
			);
			name = Products;
			sourceTree = "<group>";
		};
		28461DB12420D272001F6812 /* kakaotalkview */ = {
			isa = PBXGroup;
			children = (
				28461DCD2420D6B6001F6812 /* Support */,
				28461DCB2420D680001F6812 /* Model */,
				28461DCA2420D67A001F6812 /* View */,
				28461DCC2420D68A001F6812 /* Controller */,
				28461DBB2420D273001F6812 /* Assets.xcassets */,
				28461DC02420D273001F6812 /* Info.plist */,
			);
			path = kakaotalkview;
			sourceTree = "<group>";
		};
		28461DCA2420D67A001F6812 /* View */ = {
			isa = PBXGroup;
			children = (
				28461DB82420D273001F6812 /* Main.storyboard */,
				28461DBD2420D273001F6812 /* LaunchScreen.storyboard */,
				28461DC72420D670001F6812 /* MyTableViewCell.xib */,
				28461DCF2420F1A6001F6812 /* YourTableViewCell.xib */,
			);
			path = View;
			sourceTree = "<group>";
		};
		28461DCB2420D680001F6812 /* Model */ = {
			isa = PBXGroup;
			children = (
				28461DC62420D670001F6812 /* MyTableViewCell.swift */,
				28461DCE2420F1A6001F6812 /* YourTableViewCell.swift */,
			);
			path = Model;
			sourceTree = "<group>";
		};
		28461DCC2420D68A001F6812 /* Controller */ = {
			isa = PBXGroup;
			children = (
				28461DB62420D273001F6812 /* ViewController.swift */,
			);
			path = Controller;
			sourceTree = "<group>";
		};
		28461DCD2420D6B6001F6812 /* Support */ = {
			isa = PBXGroup;
			children = (
				28461DB22420D273001F6812 /* AppDelegate.swift */,
				28461DB42420D273001F6812 /* SceneDelegate.swift */,
			);
			path = Support;
			sourceTree = "<group>";
		};
/* End PBXGroup section */

/* Begin PBXNativeTarget section */
		28461DAE2420D272001F6812 /* kakaotalkview */ = {
			isa = PBXNativeTarget;
			buildConfigurationList = 28461DC32420D273001F6812 /* Build configuration list for PBXNativeTarget "kakaotalkview" */;
			buildPhases = (
				28461DAB2420D272001F6812 /* Sources */,
				28461DAC2420D272001F6812 /* Frameworks */,
				28461DAD2420D272001F6812 /* Resources */,
			);
			buildRules = (
			);
			dependencies = (
			);
			name = kakaotalkview;
			productName = kakaotalkview;
			productReference = 28461DAF2420D272001F6812 /* kakaotalkview.app */;
			productType = "com.apple.product-type.application";
		};
/* End PBXNativeTarget section */

/* Begin PBXProject section */
		28461DA72420D272001F6812 /* Project object */ = {
			isa = PBXProject;
			attributes = {
				LastSwiftUpdateCheck = 1130;
				LastUpgradeCheck = 1130;
				ORGANIZATIONNAME = "shin seunghyun";
				TargetAttributes = {
					28461DAE2420D272001F6812 = {
						CreatedOnToolsVersion = 11.3.1;
					};
				};
			};
			buildConfigurationList = 28461DAA2420D272001F6812 /* Build configuration list for PBXProject "kakaotalkview" */;
			compatibilityVersion = "Xcode 9.3";
			developmentRegion = en;
			hasScannedForEncodings = 0;
			knownRegions = (
				en,
				Base,
			);
			mainGroup = 28461DA62420D272001F6812;
			productRefGroup = 28461DB02420D272001F6812 /* Products */;
			projectDirPath = "";
			projectRoot = "";
			targets = (
				28461DAE2420D272001F6812 /* kakaotalkview */,
			);
		};
/* End PBXProject section */

/* Begin PBXResourcesBuildPhase section */
		28461DAD2420D272001F6812 /* Resources */ = {
			isa = PBXResourcesBuildPhase;
			buildActionMask = 2147483647;
			files = (
				28461DBF2420D273001F6812 /* LaunchScreen.storyboard in Resources */,
				28461DC92420D670001F6812 /* MyTableViewCell.xib in Resources */,
				28461DBC2420D273001F6812 /* Assets.xcassets in Resources */,
				28461DD12420F1A6001F6812 /* YourTableViewCell.xib in Resources */,
				28461DBA2420D273001F6812 /* Main.storyboard in Resources */,
			);
			runOnlyForDeploymentPostprocessing = 0;
		};
/* End PBXResourcesBuildPhase section */

/* Begin PBXSourcesBuildPhase section */
		28461DAB2420D272001F6812 /* Sources */ = {
			isa = PBXSourcesBuildPhase;
			buildActionMask = 2147483647;
			files = (
				28461DD02420F1A6001F6812 /* YourTableViewCell.swift in Sources */,
				28461DB72420D273001F6812 /* ViewController.swift in Sources */,
				28461DC82420D670001F6812 /* MyTableViewCell.swift in Sources */,
				28461DB32420D273001F6812 /* AppDelegate.swift in Sources */,
				28461DB52420D273001F6812 /* SceneDelegate.swift in Sources */,
			);
			runOnlyForDeploymentPostprocessing = 0;
		};
/* End PBXSourcesBuildPhase section */

/* Begin PBXVariantGroup section */
		28461DB82420D273001F6812 /* Main.storyboard */ = {
			isa = PBXVariantGroup;
			children = (
				28461DB92420D273001F6812 /* Base */,
			);
			name = Main.storyboard;
			sourceTree = "<group>";
		};
		28461DBD2420D273001F6812 /* LaunchScreen.storyboard */ = {
			isa = PBXVariantGroup;
			children = (
				28461DBE2420D273001F6812 /* Base */,
			);
			name = LaunchScreen.storyboard;
			sourceTree = "<group>";
		};
/* End PBXVariantGroup section */

/* Begin XCBuildConfiguration section */
		28461DC12420D273001F6812 /* Debug */ = {
			isa = XCBuildConfiguration;
			buildSettings = {
				ALWAYS_SEARCH_USER_PATHS = NO;
				CLANG_ANALYZER_NONNULL = YES;
				CLANG_ANALYZER_NUMBER_OBJECT_CONVERSION = YES_AGGRESSIVE;
				CLANG_CXX_LANGUAGE_STANDARD = "gnu++14";
				CLANG_CXX_LIBRARY = "libc++";
				CLANG_ENABLE_MODULES = YES;
				CLANG_ENABLE_OBJC_ARC = YES;
				CLANG_ENABLE_OBJC_WEAK = YES;
				CLANG_WARN_BLOCK_CAPTURE_AUTORELEASING = YES;
				CLANG_WARN_BOOL_CONVERSION = YES;
				CLANG_WARN_COMMA = YES;
				CLANG_WARN_CONSTANT_CONVERSION = YES;
				CLANG_WARN_DEPRECATED_OBJC_IMPLEMENTATIONS = YES;
				CLANG_WARN_DIRECT_OBJC_ISA_USAGE = YES_ERROR;
				CLANG_WARN_DOCUMENTATION_COMMENTS = YES;
				CLANG_WARN_EMPTY_BODY = YES;
				CLANG_WARN_ENUM_CONVERSION = YES;
				CLANG_WARN_INFINITE_RECURSION = YES;
				CLANG_WARN_INT_CONVERSION = YES;
				CLANG_WARN_NON_LITERAL_NULL_CONVERSION = YES;
				CLANG_WARN_OBJC_IMPLICIT_RETAIN_SELF = YES;
				CLANG_WARN_OBJC_LITERAL_CONVERSION = YES;
				CLANG_WARN_OBJC_ROOT_CLASS = YES_ERROR;
				CLANG_WARN_RANGE_LOOP_ANALYSIS = YES;
				CLANG_WARN_STRICT_PROTOTYPES = YES;
				CLANG_WARN_SUSPICIOUS_MOVE = YES;
				CLANG_WARN_UNGUARDED_AVAILABILITY = YES_AGGRESSIVE;
				CLANG_WARN_UNREACHABLE_CODE = YES;
				CLANG_WARN__DUPLICATE_METHOD_MATCH = YES;
				COPY_PHASE_STRIP = NO;
				DEBUG_INFORMATION_FORMAT = dwarf;
				ENABLE_STRICT_OBJC_MSGSEND = YES;
				ENABLE_TESTABILITY = YES;
				GCC_C_LANGUAGE_STANDARD = gnu11;
				GCC_DYNAMIC_NO_PIC = NO;
				GCC_NO_COMMON_BLOCKS = YES;
				GCC_OPTIMIZATION_LEVEL = 0;
				GCC_PREPROCESSOR_DEFINITIONS = (
					"DEBUG=1",
					"$(inherited)",
				);
				GCC_WARN_64_TO_32_BIT_CONVERSION = YES;
				GCC_WARN_ABOUT_RETURN_TYPE = YES_ERROR;
				GCC_WARN_UNDECLARED_SELECTOR = YES;
				GCC_WARN_UNINITIALIZED_AUTOS = YES_AGGRESSIVE;
				GCC_WARN_UNUSED_FUNCTION = YES;
				GCC_WARN_UNUSED_VARIABLE = YES;
				IPHONEOS_DEPLOYMENT_TARGET = 13.2;
				MTL_ENABLE_DEBUG_INFO = INCLUDE_SOURCE;
				MTL_FAST_MATH = YES;
				ONLY_ACTIVE_ARCH = YES;
				SDKROOT = iphoneos;
				SWIFT_ACTIVE_COMPILATION_CONDITIONS = DEBUG;
				SWIFT_OPTIMIZATION_LEVEL = "-Onone";
			};
			name = Debug;
		};
		28461DC22420D273001F6812 /* Release */ = {
			isa = XCBuildConfiguration;
			buildSettings = {
				ALWAYS_SEARCH_USER_PATHS = NO;
				CLANG_ANALYZER_NONNULL = YES;
				CLANG_ANALYZER_NUMBER_OBJECT_CONVERSION = YES_AGGRESSIVE;
				CLANG_CXX_LANGUAGE_STANDARD = "gnu++14";
				CLANG_CXX_LIBRARY = "libc++";
				CLANG_ENABLE_MODULES = YES;
				CLANG_ENABLE_OBJC_ARC = YES;
				CLANG_ENABLE_OBJC_WEAK = YES;
				CLANG_WARN_BLOCK_CAPTURE_AUTORELEASING = YES;
				CLANG_WARN_BOOL_CONVERSION = YES;
				CLANG_WARN_COMMA = YES;
				CLANG_WARN_CONSTANT_CONVERSION = YES;
				CLANG_WARN_DEPRECATED_OBJC_IMPLEMENTATIONS = YES;
				CLANG_WARN_DIRECT_OBJC_ISA_USAGE = YES_ERROR;
				CLANG_WARN_DOCUMENTATION_COMMENTS = YES;
				CLANG_WARN_EMPTY_BODY = YES;
				CLANG_WARN_ENUM_CONVERSION = YES;
				CLANG_WARN_INFINITE_RECURSION = YES;
				CLANG_WARN_INT_CONVERSION = YES;
				CLANG_WARN_NON_LITERAL_NULL_CONVERSION = YES;
				CLANG_WARN_OBJC_IMPLICIT_RETAIN_SELF = YES;
				CLANG_WARN_OBJC_LITERAL_CONVERSION = YES;
				CLANG_WARN_OBJC_ROOT_CLASS = YES_ERROR;
				CLANG_WARN_RANGE_LOOP_ANALYSIS = YES;
				CLANG_WARN_STRICT_PROTOTYPES = YES;
				CLANG_WARN_SUSPICIOUS_MOVE = YES;
				CLANG_WARN_UNGUARDED_AVAILABILITY = YES_AGGRESSIVE;
				CLANG_WARN_UNREACHABLE_CODE = YES;
				CLANG_WARN__DUPLICATE_METHOD_MATCH = YES;
				COPY_PHASE_STRIP = NO;
				DEBUG_INFORMATION_FORMAT = "dwarf-with-dsym";
				ENABLE_NS_ASSERTIONS = NO;
				ENABLE_STRICT_OBJC_MSGSEND = YES;
				GCC_C_LANGUAGE_STANDARD = gnu11;
				GCC_NO_COMMON_BLOCKS = YES;
				GCC_WARN_64_TO_32_BIT_CONVERSION = YES;
				GCC_WARN_ABOUT_RETURN_TYPE = YES_ERROR;
				GCC_WARN_UNDECLARED_SELECTOR = YES;
				GCC_WARN_UNINITIALIZED_AUTOS = YES_AGGRESSIVE;
				GCC_WARN_UNUSED_FUNCTION = YES;
				GCC_WARN_UNUSED_VARIABLE = YES;
				IPHONEOS_DEPLOYMENT_TARGET = 13.2;
				MTL_ENABLE_DEBUG_INFO = NO;
				MTL_FAST_MATH = YES;
				SDKROOT = iphoneos;
				SWIFT_COMPILATION_MODE = wholemodule;
				SWIFT_OPTIMIZATION_LEVEL = "-O";
				VALIDATE_PRODUCT = YES;
			};
			name = Release;
		};
		28461DC42420D273001F6812 /* Debug */ = {
			isa = XCBuildConfiguration;
			buildSettings = {
				ASSETCATALOG_COMPILER_APPICON_NAME = AppIcon;
				CODE_SIGN_STYLE = Automatic;
				INFOPLIST_FILE = kakaotalkview/Info.plist;
				LD_RUNPATH_SEARCH_PATHS = (
					"$(inherited)",
					"@executable_path/Frameworks",
				);
				PRODUCT_BUNDLE_IDENTIFIER = any.kakaotalkview;
				PRODUCT_NAME = "$(TARGET_NAME)";
				SWIFT_VERSION = 5.0;
				TARGETED_DEVICE_FAMILY = "1,2";
			};
			name = Debug;
		};
		28461DC52420D273001F6812 /* Release */ = {
			isa = XCBuildConfiguration;
			buildSettings = {
				ASSETCATALOG_COMPILER_APPICON_NAME = AppIcon;
				CODE_SIGN_STYLE = Automatic;
				INFOPLIST_FILE = kakaotalkview/Info.plist;
				LD_RUNPATH_SEARCH_PATHS = (
					"$(inherited)",
					"@executable_path/Frameworks",
				);
				PRODUCT_BUNDLE_IDENTIFIER = any.kakaotalkview;
				PRODUCT_NAME = "$(TARGET_NAME)";
				SWIFT_VERSION = 5.0;
				TARGETED_DEVICE_FAMILY = "1,2";
			};
			name = Release;
		};
/* End XCBuildConfiguration section */

/* Begin XCConfigurationList section */
		28461DAA2420D272001F6812 /* Build configuration list for PBXProject "kakaotalkview" */ = {
			isa = XCConfigurationList;
			buildConfigurations = (
				28461DC12420D273001F6812 /* Debug */,
				28461DC22420D273001F6812 /* Release */,
			);
			defaultConfigurationIsVisible = 0;
			defaultConfigurationName = Release;
		};
		28461DC32420D273001F6812 /* Build configuration list for PBXNativeTarget "kakaotalkview" */ = {
			isa = XCConfigurationList;
			buildConfigurations = (
				28461DC42420D273001F6812 /* Debug */,
				28461DC52420D273001F6812 /* Release */,
			);
			defaultConfigurationIsVisible = 0;
			defaultConfigurationName = Release;
		};
/* End XCConfigurationList section */
	};
	rootObject = 28461DA72420D272001F6812 /* Project object */;
}
